
Microsoft Visual Studio Solution File, Format Version 12.00
# Visual Studio 2013
VisualStudioVersion = 12.0.21005.1
MinimumVisualStudioVersion = 10.0.40219.1
Project("{FAE04EC0-301F-11D3-BF4B-00C04F79EFBC}") = "WebApp", "WebApp\WebApp.csproj", "{5E2C947F-DB25-4482-A489-F34BF8590B7B}"
EndProject
Project("{FAE04EC0-301F-11D3-BF4B-00C04F79EFBC}") = "WebApp.Tests", "WebApp.Tests\WebApp.Tests.csproj", "{0BCC7A54-64E9-421F-BC07-89F66BABE06B}"
EndProject
Global
	GlobalSection(SolutionConfigurationPlatforms) = preSolution
		Debug|Any CPU = Debug|Any CPU
		Release|Any CPU = Release|Any CPU
	EndGlobalSection
	GlobalSection(ProjectConfigurationPlatforms) = postSolution
		{5E2C947F-DB25-4482-A489-F34BF8590B7B}.Debug|Any CPU.ActiveCfg = Debug|Any CPU
		{5E2C947F-DB25-4482-A489-F34BF8590B7B}.Debug|Any CPU.Build.0 = Debug|Any CPU
		{5E2C947F-DB25-4482-A489-F34BF8590B7B}.Release|Any CPU.ActiveCfg = Release|Any CPU
		{5E2C947F-DB25-4482-A489-F34BF8590B7B}.Release|Any CPU.Build.0 = Release|Any CPU
		{0BCC7A54-64E9-421F-BC07-89F66BABE06B}.Debug|Any CPU.ActiveCfg = Debug|Any CPU
		{0BCC7A54-64E9-421F-BC07-89F66BABE06B}.Debug|Any CPU.Build.0 = Debug|Any CPU
		{0BCC7A54-64E9-421F-BC07-89F66BABE06B}.Release|Any CPU.ActiveCfg = Release|Any CPU
		{0BCC7A54-64E9-421F-BC07-89F66BABE06B}.Release|Any CPU.Build.0 = Release|Any CPU
	EndGlobalSection
	GlobalSection(SolutionProperties) = preSolution
		HideSolutionNode = FALSE
	EndGlobalSection
EndGlobal
